// !$*UTF8*$!
{
	archiveVersion = 1;
	classes = {
	};
	objectVersion = 48;
	objects = {

/* Begin PBXBuildFile section */
		502A3578203569D9008AD910 /* MimeticIOS.framework in Frameworks */ = {isa = PBXBuildFile; fileRef = 502A356F203569D8008AD910 /* MimeticIOS.framework */; };
		502A357D203569D9008AD910 /* MimeticFrameworkTests.m in Sources */ = {isa = PBXBuildFile; fileRef = 502A357C203569D9008AD910 /* MimeticFrameworkTests.m */; };
		502A357F203569D9008AD910 /* MimeticIOS.h in Headers */ = {isa = PBXBuildFile; fileRef = 502A3571203569D8008AD910 /* MimeticIOS.h */; settings = {ATTRIBUTES = (Public, ); }; };
		502A358620356A06008AD910 /* body.cxx in Sources */ = {isa = PBXBuildFile; fileRef = 506EE8EB2015FEB00059F3E5 /* body.cxx */; };
		502A358720356A06008AD910 /* contentdescription.cxx in Sources */ = {isa = PBXBuildFile; fileRef = 506EE8D72015FEAC0059F3E5 /* contentdescription.cxx */; };
		502A358820356A06008AD910 /* contentdisposition.cxx in Sources */ = {isa = PBXBuildFile; fileRef = 506EE8DD2015FEAD0059F3E5 /* contentdisposition.cxx */; };
		502A358920356A06008AD910 /* contentid.cxx in Sources */ = {isa = PBXBuildFile; fileRef = 506EE8D42015FEAC0059F3E5 /* contentid.cxx */; };
		502A358A20356A06008AD910 /* contenttransferencoding.cxx in Sources */ = {isa = PBXBuildFile; fileRef = 506EE8D92015FEAC0059F3E5 /* contenttransferencoding.cxx */; };
		502A358B20356A06008AD910 /* contenttype.cxx in Sources */ = {isa = PBXBuildFile; fileRef = 506EE8E22015FEAE0059F3E5 /* contenttype.cxx */; };
		502A358C20356A06008AD910 /* fieldparam.cxx in Sources */ = {isa = PBXBuildFile; fileRef = 506EE8E32015FEAE0059F3E5 /* fieldparam.cxx */; };
		502A358D20356A06008AD910 /* header.cxx in Sources */ = {isa = PBXBuildFile; fileRef = 506EE8DF2015FEAE0059F3E5 /* header.cxx */; };
		502A358E20356A06008AD910 /* message.cxx in Sources */ = {isa = PBXBuildFile; fileRef = 506EE8E42015FEAE0059F3E5 /* message.cxx */; };
		502A358F20356A06008AD910 /* mimeentity.cxx in Sources */ = {isa = PBXBuildFile; fileRef = 506EE8EC2015FEB00059F3E5 /* mimeentity.cxx */; };
		502A359020356A06008AD910 /* mimeversion.cxx in Sources */ = {isa = PBXBuildFile; fileRef = 506EE8CB2015FEAB0059F3E5 /* mimeversion.cxx */; };
		502A359120356A06008AD910 /* strutils.cxx in Sources */ = {isa = PBXBuildFile; fileRef = 506EE8E92015FEAF0059F3E5 /* strutils.cxx */; };
		502A359220356A06008AD910 /* utils.cxx in Sources */ = {isa = PBXBuildFile; fileRef = 506EE8CD2015FEAB0059F3E5 /* utils.cxx */; };
		502A359320356A06008AD910 /* version.cxx in Sources */ = {isa = PBXBuildFile; fileRef = 506EE8D52015FEAC0059F3E5 /* version.cxx */; };
		502A359420356A0E008AD910 /* base64.cxx in Sources */ = {isa = PBXBuildFile; fileRef = 506EE88C2015FDE70059F3E5 /* base64.cxx */; };
		502A359520356A0E008AD910 /* qp.cxx in Sources */ = {isa = PBXBuildFile; fileRef = 506EE88D2015FDE80059F3E5 /* qp.cxx */; };
		502A359620356A15008AD910 /* file_iterator.cxx in Sources */ = {isa = PBXBuildFile; fileRef = 506EE8942015FDFE0059F3E5 /* file_iterator.cxx */; };
		502A359720356A15008AD910 /* fileop.cxx in Sources */ = {isa = PBXBuildFile; fileRef = 506EE8932015FDFE0059F3E5 /* fileop.cxx */; };
		502A359820356A15008AD910 /* mmfile.cxx in Sources */ = {isa = PBXBuildFile; fileRef = 506EE8992015FDFE0059F3E5 /* mmfile.cxx */; };
		502A359920356A15008AD910 /* stdfile.cxx in Sources */ = {isa = PBXBuildFile; fileRef = 506EE89B2015FDFE0059F3E5 /* stdfile.cxx */; };
		502A359A20356A15008AD910 /* utils.cxx in Sources */ = {isa = PBXBuildFile; fileRef = 506EE89C2015FDFF0059F3E5 /* utils.cxx */; };
		502A359B20356A26008AD910 /* address.cxx in Sources */ = {isa = PBXBuildFile; fileRef = 506EE8AD2015FE240059F3E5 /* address.cxx */; };
		502A359C20356A26008AD910 /* addresslist.cxx in Sources */ = {isa = PBXBuildFile; fileRef = 506EE8AE2015FE240059F3E5 /* addresslist.cxx */; };
		502A359D20356A26008AD910 /* datetime.cxx in Sources */ = {isa = PBXBuildFile; fileRef = 506EE8B82015FE250059F3E5 /* datetime.cxx */; };
		502A359E20356A26008AD910 /* field.cxx in Sources */ = {isa = PBXBuildFile; fileRef = 506EE8B92015FE250059F3E5 /* field.cxx */; };
		502A359F20356A26008AD910 /* fieldvalue.cxx in Sources */ = {isa = PBXBuildFile; fileRef = 506EE8BA2015FE250059F3E5 /* fieldvalue.cxx */; };
		502A35A020356A26008AD910 /* group.cxx in Sources */ = {isa = PBXBuildFile; fileRef = 506EE8BB2015FE250059F3E5 /* group.cxx */; };
		502A35A120356A26008AD910 /* header.cxx in Sources */ = {isa = PBXBuildFile; fileRef = 506EE8B42015FE250059F3E5 /* header.cxx */; };
		502A35A220356A26008AD910 /* mailbox.cxx in Sources */ = {isa = PBXBuildFile; fileRef = 506EE8AB2015FE240059F3E5 /* mailbox.cxx */; };
		502A35A320356A26008AD910 /* mailboxlist.cxx in Sources */ = {isa = PBXBuildFile; fileRef = 506EE8AC2015FE240059F3E5 /* mailboxlist.cxx */; };
		502A35A420356A26008AD910 /* message.cxx in Sources */ = {isa = PBXBuildFile; fileRef = 506EE8A62015FE230059F3E5 /* message.cxx */; };
		502A35A520356A26008AD910 /* messageid.cxx in Sources */ = {isa = PBXBuildFile; fileRef = 506EE8A82015FE230059F3E5 /* messageid.cxx */; };
		502A35A620356A41008AD910 /* _Group.mm in Sources */ = {isa = PBXBuildFile; fileRef = 507165C7202051B7002EB243 /* _Group.mm */; };
		502A35A720356A41008AD910 /* _Mailbox.mm in Sources */ = {isa = PBXBuildFile; fileRef = 507165C420205173002EB243 /* _Mailbox.mm */; };
		502A35A820356A41008AD910 /* _MimeEntity.mm in Sources */ = {isa = PBXBuildFile; fileRef = 506EE8782015FA180059F3E5 /* _MimeEntity.mm */; };
		502A35A920356A67008AD910 /* _Group.h in Headers */ = {isa = PBXBuildFile; fileRef = 507165C6202051B7002EB243 /* _Group.h */; settings = {ATTRIBUTES = (Public, ); }; };
		502A35AA20356A67008AD910 /* _Mailbox.h in Headers */ = {isa = PBXBuildFile; fileRef = 507165C320205173002EB243 /* _Mailbox.h */; settings = {ATTRIBUTES = (Public, ); }; };
		502A35AB20356A67008AD910 /* _MimeEntity.h in Headers */ = {isa = PBXBuildFile; fileRef = 506EE8772015FA180059F3E5 /* _MimeEntity.h */; settings = {ATTRIBUTES = (Public, ); }; };
		5039816D20356AEA00A2ACFC /* config_win32.h in Headers */ = {isa = PBXBuildFile; fileRef = 50AFABA32016CDFF007157DA /* config_win32.h */; };
		5039816E20356AEA00A2ACFC /* body.h in Headers */ = {isa = PBXBuildFile; fileRef = 506EE8C92015FEAB0059F3E5 /* body.h */; };
		5039816F20356AEA00A2ACFC /* circular_buffer.h in Headers */ = {isa = PBXBuildFile; fileRef = 506EE8D82015FEAC0059F3E5 /* circular_buffer.h */; };
		5039817020356AEA00A2ACFC /* config.h in Headers */ = {isa = PBXBuildFile; fileRef = 506EE8CE2015FEAB0059F3E5 /* config.h */; };
		5039817120356AEA00A2ACFC /* contentdescription.h in Headers */ = {isa = PBXBuildFile; fileRef = 506EE8DC2015FEAD0059F3E5 /* contentdescription.h */; };
		5039817220356AEA00A2ACFC /* contentdisposition.h in Headers */ = {isa = PBXBuildFile; fileRef = 506EE8CA2015FEAB0059F3E5 /* contentdisposition.h */; };
		5039817320356AEA00A2ACFC /* contentid.h in Headers */ = {isa = PBXBuildFile; fileRef = 506EE8E72015FEAF0059F3E5 /* contentid.h */; };
		5039817420356AEA00A2ACFC /* contenttransferencoding.h in Headers */ = {isa = PBXBuildFile; fileRef = 506EE8E52015FEAE0059F3E5 /* contenttransferencoding.h */; };
		5039817520356AEA00A2ACFC /* contenttype.h in Headers */ = {isa = PBXBuildFile; fileRef = 506EE8ED2015FEB00059F3E5 /* contenttype.h */; };
		5039817620356AEA00A2ACFC /* fieldparam.h in Headers */ = {isa = PBXBuildFile; fileRef = 506EE8CF2015FEAB0059F3E5 /* fieldparam.h */; };
		5039817720356AEA00A2ACFC /* header.h in Headers */ = {isa = PBXBuildFile; fileRef = 506EE8E02015FEAE0059F3E5 /* header.h */; };
		5039817820356AEA00A2ACFC /* libconfig.h in Headers */ = {isa = PBXBuildFile; fileRef = 506EE8DA2015FEAD0059F3E5 /* libconfig.h */; };
		5039817920356AEA00A2ACFC /* message.h in Headers */ = {isa = PBXBuildFile; fileRef = 506EE8D02015FEAB0059F3E5 /* message.h */; };
		5039817A20356AEA00A2ACFC /* mimeentity.h in Headers */ = {isa = PBXBuildFile; fileRef = 506EE8DE2015FEAD0059F3E5 /* mimeentity.h */; };
		5039817B20356AEA00A2ACFC /* mimeentitylist.h in Headers */ = {isa = PBXBuildFile; fileRef = 506EE8E12015FEAE0059F3E5 /* mimeentitylist.h */; };
		5039817C20356AEA00A2ACFC /* mimetic.h in Headers */ = {isa = PBXBuildFile; fileRef = 506EE8E82015FEAF0059F3E5 /* mimetic.h */; };
		5039817D20356AEA00A2ACFC /* mimeversion.h in Headers */ = {isa = PBXBuildFile; fileRef = 506EE8CC2015FEAB0059F3E5 /* mimeversion.h */; };
		5039817E20356AEA00A2ACFC /* streambufs.h in Headers */ = {isa = PBXBuildFile; fileRef = 506EE8E62015FEAF0059F3E5 /* streambufs.h */; };
		5039817F20356AEA00A2ACFC /* strutils.h in Headers */ = {isa = PBXBuildFile; fileRef = 506EE8D12015FEAB0059F3E5 /* strutils.h */; };
		5039818020356AEA00A2ACFC /* tokenizer.h in Headers */ = {isa = PBXBuildFile; fileRef = 506EE8EA2015FEAF0059F3E5 /* tokenizer.h */; };
		5039818120356AEA00A2ACFC /* tree.h in Headers */ = {isa = PBXBuildFile; fileRef = 506EE8D22015FEAC0059F3E5 /* tree.h */; };
		5039818220356AEA00A2ACFC /* utils.h in Headers */ = {isa = PBXBuildFile; fileRef = 506EE8DB2015FEAD0059F3E5 /* utils.h */; };
		5039818320356AEA00A2ACFC /* version.h in Headers */ = {isa = PBXBuildFile; fileRef = 506EE8D32015FEAC0059F3E5 /* version.h */; };
		5039818420356AF200A2ACFC /* base64.h in Headers */ = {isa = PBXBuildFile; fileRef = 506EE88E2015FDE80059F3E5 /* base64.h */; };
		5039818520356AF200A2ACFC /* code.h in Headers */ = {isa = PBXBuildFile; fileRef = 506EE8872015FDE70059F3E5 /* code.h */; };
		5039818620356AF200A2ACFC /* codec_base.h in Headers */ = {isa = PBXBuildFile; fileRef = 506EE8892015FDE70059F3E5 /* codec_base.h */; };
		5039818720356AF200A2ACFC /* codec_chain.h in Headers */ = {isa = PBXBuildFile; fileRef = 506EE8882015FDE70059F3E5 /* codec_chain.h */; };
		5039818820356AF200A2ACFC /* codec.h in Headers */ = {isa = PBXBuildFile; fileRef = 506EE88F2015FDE80059F3E5 /* codec.h */; };
		5039818920356AF200A2ACFC /* other_codecs.h in Headers */ = {isa = PBXBuildFile; fileRef = 506EE88A2015FDE70059F3E5 /* other_codecs.h */; };
		5039818A20356AF200A2ACFC /* qp.h in Headers */ = {isa = PBXBuildFile; fileRef = 506EE88B2015FDE70059F3E5 /* qp.h */; };
		5039818B20356AF900A2ACFC /* directory.h in Headers */ = {isa = PBXBuildFile; fileRef = 506EE8962015FDFE0059F3E5 /* directory.h */; };
		5039818C20356AF900A2ACFC /* file_iterator.h in Headers */ = {isa = PBXBuildFile; fileRef = 506EE8982015FDFE0059F3E5 /* file_iterator.h */; };
		5039818D20356AF900A2ACFC /* file.h in Headers */ = {isa = PBXBuildFile; fileRef = 506EE89E2015FDFF0059F3E5 /* file.h */; };
		5039818E20356AF900A2ACFC /* fileop.h in Headers */ = {isa = PBXBuildFile; fileRef = 506EE8972015FDFE0059F3E5 /* fileop.h */; };
		5039818F20356AF900A2ACFC /* mmfile.h in Headers */ = {isa = PBXBuildFile; fileRef = 506EE89A2015FDFE0059F3E5 /* mmfile.h */; };
		5039819020356AF900A2ACFC /* os.h in Headers */ = {isa = PBXBuildFile; fileRef = 506EE8922015FDFD0059F3E5 /* os.h */; };
		5039819120356AF900A2ACFC /* stdfile.h in Headers */ = {isa = PBXBuildFile; fileRef = 506EE8952015FDFE0059F3E5 /* stdfile.h */; };
		5039819220356AF900A2ACFC /* utils.h in Headers */ = {isa = PBXBuildFile; fileRef = 506EE89D2015FDFF0059F3E5 /* utils.h */; };
		5039819320356AFF00A2ACFC /* itparser.h in Headers */ = {isa = PBXBuildFile; fileRef = 506EE8A42015FE110059F3E5 /* itparser.h */; };
		5039819420356AFF00A2ACFC /* itparserdecl.h in Headers */ = {isa = PBXBuildFile; fileRef = 506EE8A52015FE110059F3E5 /* itparserdecl.h */; };
		5039819520356B0800A2ACFC /* address.h in Headers */ = {isa = PBXBuildFile; fileRef = 506EE8B12015FE240059F3E5 /* address.h */; };
		5039819620356B0800A2ACFC /* addresslist.h in Headers */ = {isa = PBXBuildFile; fileRef = 506EE8B62015FE250059F3E5 /* addresslist.h */; };
		5039819720356B0800A2ACFC /* body.h in Headers */ = {isa = PBXBuildFile; fileRef = 506EE8BD2015FE260059F3E5 /* body.h */; };
		5039819820356B0800A2ACFC /* datetime.h in Headers */ = {isa = PBXBuildFile; fileRef = 506EE8B02015FE240059F3E5 /* datetime.h */; };
		5039819920356B0800A2ACFC /* field.h in Headers */ = {isa = PBXBuildFile; fileRef = 506EE8BC2015FE260059F3E5 /* field.h */; };
		5039819A20356B0800A2ACFC /* fieldvalue.h in Headers */ = {isa = PBXBuildFile; fileRef = 506EE8B32015FE240059F3E5 /* fieldvalue.h */; };
		5039819B20356B0800A2ACFC /* group.h in Headers */ = {isa = PBXBuildFile; fileRef = 506EE8B22015FE240059F3E5 /* group.h */; };
		5039819C20356B0800A2ACFC /* header.h in Headers */ = {isa = PBXBuildFile; fileRef = 506EE8AA2015FE240059F3E5 /* header.h */; };
		5039819D20356B0800A2ACFC /* mailbox.h in Headers */ = {isa = PBXBuildFile; fileRef = 506EE8B52015FE250059F3E5 /* mailbox.h */; };
		5039819E20356B0800A2ACFC /* mailboxlist.h in Headers */ = {isa = PBXBuildFile; fileRef = 506EE8AF2015FE240059F3E5 /* mailboxlist.h */; };
		5039819F20356B0800A2ACFC /* message.h in Headers */ = {isa = PBXBuildFile; fileRef = 506EE8A72015FE230059F3E5 /* message.h */; };
		503981A020356B0800A2ACFC /* messageid.h in Headers */ = {isa = PBXBuildFile; fileRef = 506EE8A92015FE230059F3E5 /* messageid.h */; };
		503981A120356B0800A2ACFC /* rfc822.h in Headers */ = {isa = PBXBuildFile; fileRef = 506EE8B72015FE250059F3E5 /* rfc822.h */; };
		506EE8792015FA180059F3E5 /* _MimeEntity.mm in Sources */ = {isa = PBXBuildFile; fileRef = 506EE8782015FA180059F3E5 /* _MimeEntity.mm */; };
		506EE87A2015FA180059F3E5 /* _MimeEntity.h in CopyFiles */ = {isa = PBXBuildFile; fileRef = 506EE8772015FA180059F3E5 /* _MimeEntity.h */; };
		506EE8902015FDE80059F3E5 /* base64.cxx in Sources */ = {isa = PBXBuildFile; fileRef = 506EE88C2015FDE70059F3E5 /* base64.cxx */; };
		506EE8912015FDE80059F3E5 /* qp.cxx in Sources */ = {isa = PBXBuildFile; fileRef = 506EE88D2015FDE80059F3E5 /* qp.cxx */; };
		506EE89F2015FDFF0059F3E5 /* fileop.cxx in Sources */ = {isa = PBXBuildFile; fileRef = 506EE8932015FDFE0059F3E5 /* fileop.cxx */; };
		506EE8A02015FDFF0059F3E5 /* file_iterator.cxx in Sources */ = {isa = PBXBuildFile; fileRef = 506EE8942015FDFE0059F3E5 /* file_iterator.cxx */; };
		506EE8A12015FDFF0059F3E5 /* mmfile.cxx in Sources */ = {isa = PBXBuildFile; fileRef = 506EE8992015FDFE0059F3E5 /* mmfile.cxx */; };
		506EE8A22015FDFF0059F3E5 /* stdfile.cxx in Sources */ = {isa = PBXBuildFile; fileRef = 506EE89B2015FDFE0059F3E5 /* stdfile.cxx */; };
		506EE8A32015FDFF0059F3E5 /* utils.cxx in Sources */ = {isa = PBXBuildFile; fileRef = 506EE89C2015FDFF0059F3E5 /* utils.cxx */; };
		506EE8BE2015FE260059F3E5 /* message.cxx in Sources */ = {isa = PBXBuildFile; fileRef = 506EE8A62015FE230059F3E5 /* message.cxx */; };
		506EE8BF2015FE260059F3E5 /* messageid.cxx in Sources */ = {isa = PBXBuildFile; fileRef = 506EE8A82015FE230059F3E5 /* messageid.cxx */; };
		506EE8C02015FE260059F3E5 /* mailbox.cxx in Sources */ = {isa = PBXBuildFile; fileRef = 506EE8AB2015FE240059F3E5 /* mailbox.cxx */; };
		506EE8C12015FE260059F3E5 /* mailboxlist.cxx in Sources */ = {isa = PBXBuildFile; fileRef = 506EE8AC2015FE240059F3E5 /* mailboxlist.cxx */; };
		506EE8C22015FE260059F3E5 /* address.cxx in Sources */ = {isa = PBXBuildFile; fileRef = 506EE8AD2015FE240059F3E5 /* address.cxx */; };
		506EE8C32015FE260059F3E5 /* addresslist.cxx in Sources */ = {isa = PBXBuildFile; fileRef = 506EE8AE2015FE240059F3E5 /* addresslist.cxx */; };
		506EE8C42015FE260059F3E5 /* header.cxx in Sources */ = {isa = PBXBuildFile; fileRef = 506EE8B42015FE250059F3E5 /* header.cxx */; };
		506EE8C52015FE260059F3E5 /* datetime.cxx in Sources */ = {isa = PBXBuildFile; fileRef = 506EE8B82015FE250059F3E5 /* datetime.cxx */; };
		506EE8C62015FE260059F3E5 /* field.cxx in Sources */ = {isa = PBXBuildFile; fileRef = 506EE8B92015FE250059F3E5 /* field.cxx */; };
		506EE8C72015FE260059F3E5 /* fieldvalue.cxx in Sources */ = {isa = PBXBuildFile; fileRef = 506EE8BA2015FE250059F3E5 /* fieldvalue.cxx */; };
		506EE8C82015FE260059F3E5 /* group.cxx in Sources */ = {isa = PBXBuildFile; fileRef = 506EE8BB2015FE250059F3E5 /* group.cxx */; };
		506EE8EE2015FEB00059F3E5 /* mimeversion.cxx in Sources */ = {isa = PBXBuildFile; fileRef = 506EE8CB2015FEAB0059F3E5 /* mimeversion.cxx */; };
		506EE8EF2015FEB00059F3E5 /* utils.cxx in Sources */ = {isa = PBXBuildFile; fileRef = 506EE8CD2015FEAB0059F3E5 /* utils.cxx */; };
		506EE8F02015FEB00059F3E5 /* contentid.cxx in Sources */ = {isa = PBXBuildFile; fileRef = 506EE8D42015FEAC0059F3E5 /* contentid.cxx */; };
		506EE8F12015FEB00059F3E5 /* version.cxx in Sources */ = {isa = PBXBuildFile; fileRef = 506EE8D52015FEAC0059F3E5 /* version.cxx */; };
		506EE8F22015FEB00059F3E5 /* contentdescription.cxx in Sources */ = {isa = PBXBuildFile; fileRef = 506EE8D72015FEAC0059F3E5 /* contentdescription.cxx */; };
		506EE8F32015FEB00059F3E5 /* contenttransferencoding.cxx in Sources */ = {isa = PBXBuildFile; fileRef = 506EE8D92015FEAC0059F3E5 /* contenttransferencoding.cxx */; };
		506EE8F42015FEB00059F3E5 /* contentdisposition.cxx in Sources */ = {isa = PBXBuildFile; fileRef = 506EE8DD2015FEAD0059F3E5 /* contentdisposition.cxx */; };
		506EE8F52015FEB00059F3E5 /* header.cxx in Sources */ = {isa = PBXBuildFile; fileRef = 506EE8DF2015FEAE0059F3E5 /* header.cxx */; };
		506EE8F62015FEB00059F3E5 /* contenttype.cxx in Sources */ = {isa = PBXBuildFile; fileRef = 506EE8E22015FEAE0059F3E5 /* contenttype.cxx */; };
		506EE8F72015FEB00059F3E5 /* fieldparam.cxx in Sources */ = {isa = PBXBuildFile; fileRef = 506EE8E32015FEAE0059F3E5 /* fieldparam.cxx */; };
		506EE8F82015FEB00059F3E5 /* message.cxx in Sources */ = {isa = PBXBuildFile; fileRef = 506EE8E42015FEAE0059F3E5 /* message.cxx */; };
		506EE8F92015FEB00059F3E5 /* strutils.cxx in Sources */ = {isa = PBXBuildFile; fileRef = 506EE8E92015FEAF0059F3E5 /* strutils.cxx */; };
		506EE8FA2015FEB00059F3E5 /* body.cxx in Sources */ = {isa = PBXBuildFile; fileRef = 506EE8EB2015FEB00059F3E5 /* body.cxx */; };
		506EE8FB2015FEB00059F3E5 /* mimeentity.cxx in Sources */ = {isa = PBXBuildFile; fileRef = 506EE8EC2015FEB00059F3E5 /* mimeentity.cxx */; };
		507165B32019BB54002EB243 /* MimeticTests.mm in Sources */ = {isa = PBXBuildFile; fileRef = 507165B22019BB54002EB243 /* MimeticTests.mm */; };
		507165B52019BB54002EB243 /* libMimetic.a in Frameworks */ = {isa = PBXBuildFile; fileRef = 506EE8742015FA180059F3E5 /* libMimetic.a */; };
		507165C520205173002EB243 /* _Mailbox.mm in Sources */ = {isa = PBXBuildFile; fileRef = 507165C420205173002EB243 /* _Mailbox.mm */; };
		507165C8202051B7002EB243 /* _Group.mm in Sources */ = {isa = PBXBuildFile; fileRef = 507165C7202051B7002EB243 /* _Group.mm */; };
		50ED202A2032EE1600C5ED14 /* _Mailbox.h in CopyFiles */ = {isa = PBXBuildFile; fileRef = 507165C320205173002EB243 /* _Mailbox.h */; };
		50ED202B2032EE1B00C5ED14 /* _Group.h in CopyFiles */ = {isa = PBXBuildFile; fileRef = 507165C6202051B7002EB243 /* _Group.h */; };
/* End PBXBuildFile section */

/* Begin PBXContainerItemProxy section */
		502A3579203569D9008AD910 /* PBXContainerItemProxy */ = {
			isa = PBXContainerItemProxy;
			containerPortal = 506EE86C2015FA180059F3E5 /* Project object */;
			proxyType = 1;
			remoteGlobalIDString = 502A356E203569D8008AD910;
			remoteInfo = MimeticFramework;
		};
		507165B62019BB54002EB243 /* PBXContainerItemProxy */ = {
			isa = PBXContainerItemProxy;
			containerPortal = 506EE86C2015FA180059F3E5 /* Project object */;
			proxyType = 1;
			remoteGlobalIDString = 506EE8732015FA180059F3E5;
			remoteInfo = Mimetic;
		};
/* End PBXContainerItemProxy section */

/* Begin PBXCopyFilesBuildPhase section */
		506EE8722015FA180059F3E5 /* CopyFiles */ = {
			isa = PBXCopyFilesBuildPhase;
			buildActionMask = 2147483647;
			dstPath = "include/$(PRODUCT_NAME)";
			dstSubfolderSpec = 16;
			files = (
				50ED202B2032EE1B00C5ED14 /* _Group.h in CopyFiles */,
				50ED202A2032EE1600C5ED14 /* _Mailbox.h in CopyFiles */,
				506EE87A2015FA180059F3E5 /* _MimeEntity.h in CopyFiles */,
			);
			runOnlyForDeploymentPostprocessing = 0;
		};
/* End PBXCopyFilesBuildPhase section */

/* Begin PBXFileReference section */
		502A356F203569D8008AD910 /* MimeticIOS.framework */ = {isa = PBXFileReference; explicitFileType = wrapper.framework; includeInIndex = 0; path = MimeticIOS.framework; sourceTree = BUILT_PRODUCTS_DIR; };
		502A3571203569D8008AD910 /* MimeticIOS.h */ = {isa = PBXFileReference; lastKnownFileType = sourcecode.c.h; path = MimeticIOS.h; sourceTree = "<group>"; };
		502A3572203569D8008AD910 /* Info.plist */ = {isa = PBXFileReference; lastKnownFileType = text.plist.xml; path = Info.plist; sourceTree = "<group>"; };
		502A3577203569D9008AD910 /* MimeticFrameworkTests.xctest */ = {isa = PBXFileReference; explicitFileType = wrapper.cfbundle; includeInIndex = 0; path = MimeticFrameworkTests.xctest; sourceTree = BUILT_PRODUCTS_DIR; };
		502A357C203569D9008AD910 /* MimeticFrameworkTests.m */ = {isa = PBXFileReference; lastKnownFileType = sourcecode.c.objc; path = MimeticFrameworkTests.m; sourceTree = "<group>"; };
		502A357E203569D9008AD910 /* Info.plist */ = {isa = PBXFileReference; lastKnownFileType = text.plist.xml; path = Info.plist; sourceTree = "<group>"; };
		506EE8742015FA180059F3E5 /* libMimetic.a */ = {isa = PBXFileReference; explicitFileType = archive.ar; includeInIndex = 0; path = libMimetic.a; sourceTree = BUILT_PRODUCTS_DIR; };
		506EE8772015FA180059F3E5 /* _MimeEntity.h */ = {isa = PBXFileReference; lastKnownFileType = sourcecode.c.h; path = _MimeEntity.h; sourceTree = "<group>"; };
		506EE8782015FA180059F3E5 /* _MimeEntity.mm */ = {isa = PBXFileReference; lastKnownFileType = sourcecode.cpp.objcpp; path = _MimeEntity.mm; sourceTree = "<group>"; };
		506EE8872015FDE70059F3E5 /* code.h */ = {isa = PBXFileReference; fileEncoding = 4; lastKnownFileType = sourcecode.c.h; path = code.h; sourceTree = "<group>"; };
		506EE8882015FDE70059F3E5 /* codec_chain.h */ = {isa = PBXFileReference; fileEncoding = 4; lastKnownFileType = sourcecode.c.h; path = codec_chain.h; sourceTree = "<group>"; };
		506EE8892015FDE70059F3E5 /* codec_base.h */ = {isa = PBXFileReference; fileEncoding = 4; lastKnownFileType = sourcecode.c.h; path = codec_base.h; sourceTree = "<group>"; };
		506EE88A2015FDE70059F3E5 /* other_codecs.h */ = {isa = PBXFileReference; fileEncoding = 4; lastKnownFileType = sourcecode.c.h; path = other_codecs.h; sourceTree = "<group>"; };
		506EE88B2015FDE70059F3E5 /* qp.h */ = {isa = PBXFileReference; fileEncoding = 4; lastKnownFileType = sourcecode.c.h; path = qp.h; sourceTree = "<group>"; };
		506EE88C2015FDE70059F3E5 /* base64.cxx */ = {isa = PBXFileReference; fileEncoding = 4; lastKnownFileType = sourcecode.cpp.cpp; path = base64.cxx; sourceTree = "<group>"; };
		506EE88D2015FDE80059F3E5 /* qp.cxx */ = {isa = PBXFileReference; fileEncoding = 4; lastKnownFileType = sourcecode.cpp.cpp; path = qp.cxx; sourceTree = "<group>"; };
		506EE88E2015FDE80059F3E5 /* base64.h */ = {isa = PBXFileReference; fileEncoding = 4; lastKnownFileType = sourcecode.c.h; path = base64.h; sourceTree = "<group>"; };
		506EE88F2015FDE80059F3E5 /* codec.h */ = {isa = PBXFileReference; fileEncoding = 4; lastKnownFileType = sourcecode.c.h; path = codec.h; sourceTree = "<group>"; };
		506EE8922015FDFD0059F3E5 /* os.h */ = {isa = PBXFileReference; fileEncoding = 4; lastKnownFileType = sourcecode.c.h; path = os.h; sourceTree = "<group>"; };
		506EE8932015FDFE0059F3E5 /* fileop.cxx */ = {isa = PBXFileReference; fileEncoding = 4; lastKnownFileType = sourcecode.cpp.cpp; path = fileop.cxx; sourceTree = "<group>"; };
		506EE8942015FDFE0059F3E5 /* file_iterator.cxx */ = {isa = PBXFileReference; fileEncoding = 4; lastKnownFileType = sourcecode.cpp.cpp; path = file_iterator.cxx; sourceTree = "<group>"; };
		506EE8952015FDFE0059F3E5 /* stdfile.h */ = {isa = PBXFileReference; fileEncoding = 4; lastKnownFileType = sourcecode.c.h; path = stdfile.h; sourceTree = "<group>"; };
		506EE8962015FDFE0059F3E5 /* directory.h */ = {isa = PBXFileReference; fileEncoding = 4; lastKnownFileType = sourcecode.c.h; path = directory.h; sourceTree = "<group>"; };
		506EE8972015FDFE0059F3E5 /* fileop.h */ = {isa = PBXFileReference; fileEncoding = 4; lastKnownFileType = sourcecode.c.h; path = fileop.h; sourceTree = "<group>"; };
		506EE8982015FDFE0059F3E5 /* file_iterator.h */ = {isa = PBXFileReference; fileEncoding = 4; lastKnownFileType = sourcecode.c.h; path = file_iterator.h; sourceTree = "<group>"; };
		506EE8992015FDFE0059F3E5 /* mmfile.cxx */ = {isa = PBXFileReference; fileEncoding = 4; lastKnownFileType = sourcecode.cpp.cpp; path = mmfile.cxx; sourceTree = "<group>"; };
		506EE89A2015FDFE0059F3E5 /* mmfile.h */ = {isa = PBXFileReference; fileEncoding = 4; lastKnownFileType = sourcecode.c.h; path = mmfile.h; sourceTree = "<group>"; };
		506EE89B2015FDFE0059F3E5 /* stdfile.cxx */ = {isa = PBXFileReference; fileEncoding = 4; lastKnownFileType = sourcecode.cpp.cpp; path = stdfile.cxx; sourceTree = "<group>"; };
		506EE89C2015FDFF0059F3E5 /* utils.cxx */ = {isa = PBXFileReference; fileEncoding = 4; lastKnownFileType = sourcecode.cpp.cpp; path = utils.cxx; sourceTree = "<group>"; };
		506EE89D2015FDFF0059F3E5 /* utils.h */ = {isa = PBXFileReference; fileEncoding = 4; lastKnownFileType = sourcecode.c.h; path = utils.h; sourceTree = "<group>"; };
		506EE89E2015FDFF0059F3E5 /* file.h */ = {isa = PBXFileReference; fileEncoding = 4; lastKnownFileType = sourcecode.c.h; path = file.h; sourceTree = "<group>"; };
		506EE8A42015FE110059F3E5 /* itparser.h */ = {isa = PBXFileReference; fileEncoding = 4; lastKnownFileType = sourcecode.c.h; path = itparser.h; sourceTree = "<group>"; };
		506EE8A52015FE110059F3E5 /* itparserdecl.h */ = {isa = PBXFileReference; fileEncoding = 4; lastKnownFileType = sourcecode.c.h; path = itparserdecl.h; sourceTree = "<group>"; };
		506EE8A62015FE230059F3E5 /* message.cxx */ = {isa = PBXFileReference; fileEncoding = 4; lastKnownFileType = sourcecode.cpp.cpp; path = message.cxx; sourceTree = "<group>"; };
		506EE8A72015FE230059F3E5 /* message.h */ = {isa = PBXFileReference; fileEncoding = 4; lastKnownFileType = sourcecode.c.h; path = message.h; sourceTree = "<group>"; };
		506EE8A82015FE230059F3E5 /* messageid.cxx */ = {isa = PBXFileReference; fileEncoding = 4; lastKnownFileType = sourcecode.cpp.cpp; path = messageid.cxx; sourceTree = "<group>"; };
		506EE8A92015FE230059F3E5 /* messageid.h */ = {isa = PBXFileReference; fileEncoding = 4; lastKnownFileType = sourcecode.c.h; path = messageid.h; sourceTree = "<group>"; };
		506EE8AA2015FE240059F3E5 /* header.h */ = {isa = PBXFileReference; fileEncoding = 4; lastKnownFileType = sourcecode.c.h; path = header.h; sourceTree = "<group>"; };
		506EE8AB2015FE240059F3E5 /* mailbox.cxx */ = {isa = PBXFileReference; fileEncoding = 4; lastKnownFileType = sourcecode.cpp.cpp; path = mailbox.cxx; sourceTree = "<group>"; };
		506EE8AC2015FE240059F3E5 /* mailboxlist.cxx */ = {isa = PBXFileReference; fileEncoding = 4; lastKnownFileType = sourcecode.cpp.cpp; path = mailboxlist.cxx; sourceTree = "<group>"; };
		506EE8AD2015FE240059F3E5 /* address.cxx */ = {isa = PBXFileReference; fileEncoding = 4; lastKnownFileType = sourcecode.cpp.cpp; path = address.cxx; sourceTree = "<group>"; };
		506EE8AE2015FE240059F3E5 /* addresslist.cxx */ = {isa = PBXFileReference; fileEncoding = 4; lastKnownFileType = sourcecode.cpp.cpp; path = addresslist.cxx; sourceTree = "<group>"; };
		506EE8AF2015FE240059F3E5 /* mailboxlist.h */ = {isa = PBXFileReference; fileEncoding = 4; lastKnownFileType = sourcecode.c.h; path = mailboxlist.h; sourceTree = "<group>"; };
		506EE8B02015FE240059F3E5 /* datetime.h */ = {isa = PBXFileReference; fileEncoding = 4; lastKnownFileType = sourcecode.c.h; path = datetime.h; sourceTree = "<group>"; };
		506EE8B12015FE240059F3E5 /* address.h */ = {isa = PBXFileReference; fileEncoding = 4; lastKnownFileType = sourcecode.c.h; path = address.h; sourceTree = "<group>"; };
		506EE8B22015FE240059F3E5 /* group.h */ = {isa = PBXFileReference; fileEncoding = 4; lastKnownFileType = sourcecode.c.h; path = group.h; sourceTree = "<group>"; };
		506EE8B32015FE240059F3E5 /* fieldvalue.h */ = {isa = PBXFileReference; fileEncoding = 4; lastKnownFileType = sourcecode.c.h; path = fieldvalue.h; sourceTree = "<group>"; };
		506EE8B42015FE250059F3E5 /* header.cxx */ = {isa = PBXFileReference; fileEncoding = 4; lastKnownFileType = sourcecode.cpp.cpp; path = header.cxx; sourceTree = "<group>"; };
		506EE8B52015FE250059F3E5 /* mailbox.h */ = {isa = PBXFileReference; fileEncoding = 4; lastKnownFileType = sourcecode.c.h; path = mailbox.h; sourceTree = "<group>"; };
		506EE8B62015FE250059F3E5 /* addresslist.h */ = {isa = PBXFileReference; fileEncoding = 4; lastKnownFileType = sourcecode.c.h; path = addresslist.h; sourceTree = "<group>"; };
		506EE8B72015FE250059F3E5 /* rfc822.h */ = {isa = PBXFileReference; fileEncoding = 4; lastKnownFileType = sourcecode.c.h; path = rfc822.h; sourceTree = "<group>"; };
		506EE8B82015FE250059F3E5 /* datetime.cxx */ = {isa = PBXFileReference; fileEncoding = 4; lastKnownFileType = sourcecode.cpp.cpp; path = datetime.cxx; sourceTree = "<group>"; };
		506EE8B92015FE250059F3E5 /* field.cxx */ = {isa = PBXFileReference; fileEncoding = 4; lastKnownFileType = sourcecode.cpp.cpp; path = field.cxx; sourceTree = "<group>"; };
		506EE8BA2015FE250059F3E5 /* fieldvalue.cxx */ = {isa = PBXFileReference; fileEncoding = 4; lastKnownFileType = sourcecode.cpp.cpp; path = fieldvalue.cxx; sourceTree = "<group>"; };
		506EE8BB2015FE250059F3E5 /* group.cxx */ = {isa = PBXFileReference; fileEncoding = 4; lastKnownFileType = sourcecode.cpp.cpp; path = group.cxx; sourceTree = "<group>"; };
		506EE8BC2015FE260059F3E5 /* field.h */ = {isa = PBXFileReference; fileEncoding = 4; lastKnownFileType = sourcecode.c.h; path = field.h; sourceTree = "<group>"; };
		506EE8BD2015FE260059F3E5 /* body.h */ = {isa = PBXFileReference; fileEncoding = 4; lastKnownFileType = sourcecode.c.h; path = body.h; sourceTree = "<group>"; };
		506EE8C92015FEAB0059F3E5 /* body.h */ = {isa = PBXFileReference; fileEncoding = 4; lastKnownFileType = sourcecode.c.h; path = body.h; sourceTree = "<group>"; };
		506EE8CA2015FEAB0059F3E5 /* contentdisposition.h */ = {isa = PBXFileReference; fileEncoding = 4; lastKnownFileType = sourcecode.c.h; path = contentdisposition.h; sourceTree = "<group>"; };
		506EE8CB2015FEAB0059F3E5 /* mimeversion.cxx */ = {isa = PBXFileReference; fileEncoding = 4; lastKnownFileType = sourcecode.cpp.cpp; path = mimeversion.cxx; sourceTree = "<group>"; };
		506EE8CC2015FEAB0059F3E5 /* mimeversion.h */ = {isa = PBXFileReference; fileEncoding = 4; lastKnownFileType = sourcecode.c.h; path = mimeversion.h; sourceTree = "<group>"; };
		506EE8CD2015FEAB0059F3E5 /* utils.cxx */ = {isa = PBXFileReference; fileEncoding = 4; lastKnownFileType = sourcecode.cpp.cpp; path = utils.cxx; sourceTree = "<group>"; };
		506EE8CE2015FEAB0059F3E5 /* config.h */ = {isa = PBXFileReference; fileEncoding = 4; lastKnownFileType = sourcecode.c.h; path = config.h; sourceTree = "<group>"; };
		506EE8CF2015FEAB0059F3E5 /* fieldparam.h */ = {isa = PBXFileReference; fileEncoding = 4; lastKnownFileType = sourcecode.c.h; path = fieldparam.h; sourceTree = "<group>"; };
		506EE8D02015FEAB0059F3E5 /* message.h */ = {isa = PBXFileReference; fileEncoding = 4; lastKnownFileType = sourcecode.c.h; path = message.h; sourceTree = "<group>"; };
		506EE8D12015FEAB0059F3E5 /* strutils.h */ = {isa = PBXFileReference; fileEncoding = 4; lastKnownFileType = sourcecode.c.h; path = strutils.h; sourceTree = "<group>"; };
		506EE8D22015FEAC0059F3E5 /* tree.h */ = {isa = PBXFileReference; fileEncoding = 4; lastKnownFileType = sourcecode.c.h; path = tree.h; sourceTree = "<group>"; };
		506EE8D32015FEAC0059F3E5 /* version.h */ = {isa = PBXFileReference; fileEncoding = 4; lastKnownFileType = sourcecode.c.h; path = version.h; sourceTree = "<group>"; };
		506EE8D42015FEAC0059F3E5 /* contentid.cxx */ = {isa = PBXFileReference; fileEncoding = 4; lastKnownFileType = sourcecode.cpp.cpp; path = contentid.cxx; sourceTree = "<group>"; };
		506EE8D52015FEAC0059F3E5 /* version.cxx */ = {isa = PBXFileReference; fileEncoding = 4; lastKnownFileType = sourcecode.cpp.cpp; path = version.cxx; sourceTree = "<group>"; };
		506EE8D72015FEAC0059F3E5 /* contentdescription.cxx */ = {isa = PBXFileReference; fileEncoding = 4; lastKnownFileType = sourcecode.cpp.cpp; path = contentdescription.cxx; sourceTree = "<group>"; };
		506EE8D82015FEAC0059F3E5 /* circular_buffer.h */ = {isa = PBXFileReference; fileEncoding = 4; lastKnownFileType = sourcecode.c.h; path = circular_buffer.h; sourceTree = "<group>"; };
		506EE8D92015FEAC0059F3E5 /* contenttransferencoding.cxx */ = {isa = PBXFileReference; fileEncoding = 4; lastKnownFileType = sourcecode.cpp.cpp; path = contenttransferencoding.cxx; sourceTree = "<group>"; };
		506EE8DA2015FEAD0059F3E5 /* libconfig.h */ = {isa = PBXFileReference; fileEncoding = 4; lastKnownFileType = sourcecode.c.h; path = libconfig.h; sourceTree = "<group>"; };
		506EE8DB2015FEAD0059F3E5 /* utils.h */ = {isa = PBXFileReference; fileEncoding = 4; lastKnownFileType = sourcecode.c.h; path = utils.h; sourceTree = "<group>"; };
		506EE8DC2015FEAD0059F3E5 /* contentdescription.h */ = {isa = PBXFileReference; fileEncoding = 4; lastKnownFileType = sourcecode.c.h; path = contentdescription.h; sourceTree = "<group>"; };
		506EE8DD2015FEAD0059F3E5 /* contentdisposition.cxx */ = {isa = PBXFileReference; fileEncoding = 4; lastKnownFileType = sourcecode.cpp.cpp; path = contentdisposition.cxx; sourceTree = "<group>"; };
		506EE8DE2015FEAD0059F3E5 /* mimeentity.h */ = {isa = PBXFileReference; fileEncoding = 4; lastKnownFileType = sourcecode.c.h; path = mimeentity.h; sourceTree = "<group>"; };
		506EE8DF2015FEAE0059F3E5 /* header.cxx */ = {isa = PBXFileReference; fileEncoding = 4; lastKnownFileType = sourcecode.cpp.cpp; path = header.cxx; sourceTree = "<group>"; };
		506EE8E02015FEAE0059F3E5 /* header.h */ = {isa = PBXFileReference; fileEncoding = 4; lastKnownFileType = sourcecode.c.h; path = header.h; sourceTree = "<group>"; };
		506EE8E12015FEAE0059F3E5 /* mimeentitylist.h */ = {isa = PBXFileReference; fileEncoding = 4; lastKnownFileType = sourcecode.c.h; path = mimeentitylist.h; sourceTree = "<group>"; };
		506EE8E22015FEAE0059F3E5 /* contenttype.cxx */ = {isa = PBXFileReference; fileEncoding = 4; lastKnownFileType = sourcecode.cpp.cpp; path = contenttype.cxx; sourceTree = "<group>"; };
		506EE8E32015FEAE0059F3E5 /* fieldparam.cxx */ = {isa = PBXFileReference; fileEncoding = 4; lastKnownFileType = sourcecode.cpp.cpp; path = fieldparam.cxx; sourceTree = "<group>"; };
		506EE8E42015FEAE0059F3E5 /* message.cxx */ = {isa = PBXFileReference; fileEncoding = 4; lastKnownFileType = sourcecode.cpp.cpp; path = message.cxx; sourceTree = "<group>"; };
		506EE8E52015FEAE0059F3E5 /* contenttransferencoding.h */ = {isa = PBXFileReference; fileEncoding = 4; lastKnownFileType = sourcecode.c.h; path = contenttransferencoding.h; sourceTree = "<group>"; };
		506EE8E62015FEAF0059F3E5 /* streambufs.h */ = {isa = PBXFileReference; fileEncoding = 4; lastKnownFileType = sourcecode.c.h; path = streambufs.h; sourceTree = "<group>"; };
		506EE8E72015FEAF0059F3E5 /* contentid.h */ = {isa = PBXFileReference; fileEncoding = 4; lastKnownFileType = sourcecode.c.h; path = contentid.h; sourceTree = "<group>"; };
		506EE8E82015FEAF0059F3E5 /* mimetic.h */ = {isa = PBXFileReference; fileEncoding = 4; lastKnownFileType = sourcecode.c.h; path = mimetic.h; sourceTree = "<group>"; };
		506EE8E92015FEAF0059F3E5 /* strutils.cxx */ = {isa = PBXFileReference; fileEncoding = 4; lastKnownFileType = sourcecode.cpp.cpp; path = strutils.cxx; sourceTree = "<group>"; };
		506EE8EA2015FEAF0059F3E5 /* tokenizer.h */ = {isa = PBXFileReference; fileEncoding = 4; lastKnownFileType = sourcecode.c.h; path = tokenizer.h; sourceTree = "<group>"; };
		506EE8EB2015FEB00059F3E5 /* body.cxx */ = {isa = PBXFileReference; fileEncoding = 4; lastKnownFileType = sourcecode.cpp.cpp; path = body.cxx; sourceTree = "<group>"; };
		506EE8EC2015FEB00059F3E5 /* mimeentity.cxx */ = {isa = PBXFileReference; fileEncoding = 4; lastKnownFileType = sourcecode.cpp.cpp; path = mimeentity.cxx; sourceTree = "<group>"; };
		506EE8ED2015FEB00059F3E5 /* contenttype.h */ = {isa = PBXFileReference; fileEncoding = 4; lastKnownFileType = sourcecode.c.h; path = contenttype.h; sourceTree = "<group>"; };
		507165B02019BB54002EB243 /* MimeticTests.xctest */ = {isa = PBXFileReference; explicitFileType = wrapper.cfbundle; includeInIndex = 0; path = MimeticTests.xctest; sourceTree = BUILT_PRODUCTS_DIR; };
		507165B22019BB54002EB243 /* MimeticTests.mm */ = {isa = PBXFileReference; lastKnownFileType = sourcecode.cpp.objcpp; path = MimeticTests.mm; sourceTree = "<group>"; };
		507165B42019BB54002EB243 /* Info.plist */ = {isa = PBXFileReference; lastKnownFileType = text.plist.xml; path = Info.plist; sourceTree = "<group>"; };
		507165C320205173002EB243 /* _Mailbox.h */ = {isa = PBXFileReference; lastKnownFileType = sourcecode.c.h; path = _Mailbox.h; sourceTree = "<group>"; };
		507165C420205173002EB243 /* _Mailbox.mm */ = {isa = PBXFileReference; lastKnownFileType = sourcecode.cpp.objcpp; path = _Mailbox.mm; sourceTree = "<group>"; };
		507165C6202051B7002EB243 /* _Group.h */ = {isa = PBXFileReference; lastKnownFileType = sourcecode.c.h; path = _Group.h; sourceTree = "<group>"; };
		507165C7202051B7002EB243 /* _Group.mm */ = {isa = PBXFileReference; lastKnownFileType = sourcecode.cpp.objcpp; path = _Group.mm; sourceTree = "<group>"; };
		50AFABA32016CDFF007157DA /* config_win32.h */ = {isa = PBXFileReference; fileEncoding = 4; lastKnownFileType = sourcecode.c.h; path = config_win32.h; sourceTree = "<group>"; };
/* End PBXFileReference section */

/* Begin PBXFrameworksBuildPhase section */
		502A356B203569D8008AD910 /* Frameworks */ = {
			isa = PBXFrameworksBuildPhase;
			buildActionMask = 2147483647;
			files = (
			);
			runOnlyForDeploymentPostprocessing = 0;
		};
		502A3574203569D9008AD910 /* Frameworks */ = {
			isa = PBXFrameworksBuildPhase;
			buildActionMask = 2147483647;
			files = (
				502A3578203569D9008AD910 /* MimeticIOS.framework in Frameworks */,
			);
			runOnlyForDeploymentPostprocessing = 0;
		};
		506EE8712015FA180059F3E5 /* Frameworks */ = {
			isa = PBXFrameworksBuildPhase;
			buildActionMask = 2147483647;
			files = (
			);
			runOnlyForDeploymentPostprocessing = 0;
		};
		507165AD2019BB54002EB243 /* Frameworks */ = {
			isa = PBXFrameworksBuildPhase;
			buildActionMask = 2147483647;
			files = (
				507165B52019BB54002EB243 /* libMimetic.a in Frameworks */,
			);
			runOnlyForDeploymentPostprocessing = 0;
		};
/* End PBXFrameworksBuildPhase section */

/* Begin PBXGroup section */
		502A3570203569D8008AD910 /* MimeticFramework */ = {
			isa = PBXGroup;
			children = (
				502A3571203569D8008AD910 /* MimeticIOS.h */,
				502A3572203569D8008AD910 /* Info.plist */,
			);
			path = MimeticFramework;
			sourceTree = "<group>";
		};
		502A357B203569D9008AD910 /* MimeticFrameworkTests */ = {
			isa = PBXGroup;
			children = (
				502A357C203569D9008AD910 /* MimeticFrameworkTests.m */,
				502A357E203569D9008AD910 /* Info.plist */,
			);
			path = MimeticFrameworkTests;
			sourceTree = "<group>";
		};
		506EE86B2015FA180059F3E5 = {
			isa = PBXGroup;
			children = (
				506EE8762015FA180059F3E5 /* Mimetic */,
				507165B12019BB54002EB243 /* MimeticTests */,
				502A3570203569D8008AD910 /* MimeticFramework */,
				502A357B203569D9008AD910 /* MimeticFrameworkTests */,
				506EE8752015FA180059F3E5 /* Products */,
			);
			sourceTree = "<group>";
		};
		506EE8752015FA180059F3E5 /* Products */ = {
			isa = PBXGroup;
			children = (
				506EE8742015FA180059F3E5 /* libMimetic.a */,
				507165B02019BB54002EB243 /* MimeticTests.xctest */,
				502A356F203569D8008AD910 /* MimeticIOS.framework */,
				502A3577203569D9008AD910 /* MimeticFrameworkTests.xctest */,
			);
			name = Products;
			sourceTree = "<group>";
		};
		506EE8762015FA180059F3E5 /* Mimetic */ = {
			isa = PBXGroup;
			children = (
				506EE8822015FD650059F3E5 /* mimetic */,
				507165C6202051B7002EB243 /* _Group.h */,
				507165C7202051B7002EB243 /* _Group.mm */,
				507165C320205173002EB243 /* _Mailbox.h */,
				507165C420205173002EB243 /* _Mailbox.mm */,
				506EE8772015FA180059F3E5 /* _MimeEntity.h */,
				506EE8782015FA180059F3E5 /* _MimeEntity.mm */,
			);
			path = Mimetic;
			sourceTree = "<group>";
		};
		506EE8822015FD650059F3E5 /* mimetic */ = {
			isa = PBXGroup;
			children = (
				50AFABA32016CDFF007157DA /* config_win32.h */,
				506EE8EB2015FEB00059F3E5 /* body.cxx */,
				506EE8C92015FEAB0059F3E5 /* body.h */,
				506EE8D82015FEAC0059F3E5 /* circular_buffer.h */,
				506EE8CE2015FEAB0059F3E5 /* config.h */,
				506EE8D72015FEAC0059F3E5 /* contentdescription.cxx */,
				506EE8DC2015FEAD0059F3E5 /* contentdescription.h */,
				506EE8DD2015FEAD0059F3E5 /* contentdisposition.cxx */,
				506EE8CA2015FEAB0059F3E5 /* contentdisposition.h */,
				506EE8D42015FEAC0059F3E5 /* contentid.cxx */,
				506EE8E72015FEAF0059F3E5 /* contentid.h */,
				506EE8D92015FEAC0059F3E5 /* contenttransferencoding.cxx */,
				506EE8E52015FEAE0059F3E5 /* contenttransferencoding.h */,
				506EE8E22015FEAE0059F3E5 /* contenttype.cxx */,
				506EE8ED2015FEB00059F3E5 /* contenttype.h */,
				506EE8E32015FEAE0059F3E5 /* fieldparam.cxx */,
				506EE8CF2015FEAB0059F3E5 /* fieldparam.h */,
				506EE8DF2015FEAE0059F3E5 /* header.cxx */,
				506EE8E02015FEAE0059F3E5 /* header.h */,
				506EE8DA2015FEAD0059F3E5 /* libconfig.h */,
				506EE8E42015FEAE0059F3E5 /* message.cxx */,
				506EE8D02015FEAB0059F3E5 /* message.h */,
				506EE8EC2015FEB00059F3E5 /* mimeentity.cxx */,
				506EE8DE2015FEAD0059F3E5 /* mimeentity.h */,
				506EE8E12015FEAE0059F3E5 /* mimeentitylist.h */,
				506EE8E82015FEAF0059F3E5 /* mimetic.h */,
				506EE8CB2015FEAB0059F3E5 /* mimeversion.cxx */,
				506EE8CC2015FEAB0059F3E5 /* mimeversion.h */,
				506EE8E62015FEAF0059F3E5 /* streambufs.h */,
				506EE8E92015FEAF0059F3E5 /* strutils.cxx */,
				506EE8D12015FEAB0059F3E5 /* strutils.h */,
				506EE8EA2015FEAF0059F3E5 /* tokenizer.h */,
				506EE8D22015FEAC0059F3E5 /* tree.h */,
				506EE8CD2015FEAB0059F3E5 /* utils.cxx */,
				506EE8DB2015FEAD0059F3E5 /* utils.h */,
				506EE8D52015FEAC0059F3E5 /* version.cxx */,
				506EE8D32015FEAC0059F3E5 /* version.h */,
				506EE8832015FD850059F3E5 /* codec */,
				506EE8842015FD8B0059F3E5 /* os */,
				506EE8852015FD930059F3E5 /* parser */,
				506EE8862015FD9B0059F3E5 /* rfc822 */,
			);
			path = mimetic;
			sourceTree = "<group>";
		};
		506EE8832015FD850059F3E5 /* codec */ = {
			isa = PBXGroup;
			children = (
				506EE88C2015FDE70059F3E5 /* base64.cxx */,
				506EE88E2015FDE80059F3E5 /* base64.h */,
				506EE8872015FDE70059F3E5 /* code.h */,
				506EE8892015FDE70059F3E5 /* codec_base.h */,
				506EE8882015FDE70059F3E5 /* codec_chain.h */,
				506EE88F2015FDE80059F3E5 /* codec.h */,
				506EE88A2015FDE70059F3E5 /* other_codecs.h */,
				506EE88D2015FDE80059F3E5 /* qp.cxx */,
				506EE88B2015FDE70059F3E5 /* qp.h */,
			);
			path = codec;
			sourceTree = "<group>";
		};
		506EE8842015FD8B0059F3E5 /* os */ = {
			isa = PBXGroup;
			children = (
				506EE8962015FDFE0059F3E5 /* directory.h */,
				506EE8942015FDFE0059F3E5 /* file_iterator.cxx */,
				506EE8982015FDFE0059F3E5 /* file_iterator.h */,
				506EE89E2015FDFF0059F3E5 /* file.h */,
				506EE8932015FDFE0059F3E5 /* fileop.cxx */,
				506EE8972015FDFE0059F3E5 /* fileop.h */,
				506EE8992015FDFE0059F3E5 /* mmfile.cxx */,
				506EE89A2015FDFE0059F3E5 /* mmfile.h */,
				506EE8922015FDFD0059F3E5 /* os.h */,
				506EE89B2015FDFE0059F3E5 /* stdfile.cxx */,
				506EE8952015FDFE0059F3E5 /* stdfile.h */,
				506EE89C2015FDFF0059F3E5 /* utils.cxx */,
				506EE89D2015FDFF0059F3E5 /* utils.h */,
			);
			path = os;
			sourceTree = "<group>";
		};
		506EE8852015FD930059F3E5 /* parser */ = {
			isa = PBXGroup;
			children = (
				506EE8A42015FE110059F3E5 /* itparser.h */,
				506EE8A52015FE110059F3E5 /* itparserdecl.h */,
			);
			path = parser;
			sourceTree = "<group>";
		};
		506EE8862015FD9B0059F3E5 /* rfc822 */ = {
			isa = PBXGroup;
			children = (
				506EE8AD2015FE240059F3E5 /* address.cxx */,
				506EE8B12015FE240059F3E5 /* address.h */,
				506EE8AE2015FE240059F3E5 /* addresslist.cxx */,
				506EE8B62015FE250059F3E5 /* addresslist.h */,
				506EE8BD2015FE260059F3E5 /* body.h */,
				506EE8B82015FE250059F3E5 /* datetime.cxx */,
				506EE8B02015FE240059F3E5 /* datetime.h */,
				506EE8B92015FE250059F3E5 /* field.cxx */,
				506EE8BC2015FE260059F3E5 /* field.h */,
				506EE8BA2015FE250059F3E5 /* fieldvalue.cxx */,
				506EE8B32015FE240059F3E5 /* fieldvalue.h */,
				506EE8BB2015FE250059F3E5 /* group.cxx */,
				506EE8B22015FE240059F3E5 /* group.h */,
				506EE8B42015FE250059F3E5 /* header.cxx */,
				506EE8AA2015FE240059F3E5 /* header.h */,
				506EE8AB2015FE240059F3E5 /* mailbox.cxx */,
				506EE8B52015FE250059F3E5 /* mailbox.h */,
				506EE8AC2015FE240059F3E5 /* mailboxlist.cxx */,
				506EE8AF2015FE240059F3E5 /* mailboxlist.h */,
				506EE8A62015FE230059F3E5 /* message.cxx */,
				506EE8A72015FE230059F3E5 /* message.h */,
				506EE8A82015FE230059F3E5 /* messageid.cxx */,
				506EE8A92015FE230059F3E5 /* messageid.h */,
				506EE8B72015FE250059F3E5 /* rfc822.h */,
			);
			path = rfc822;
			sourceTree = "<group>";
		};
		507165B12019BB54002EB243 /* MimeticTests */ = {
			isa = PBXGroup;
			children = (
				507165B22019BB54002EB243 /* MimeticTests.mm */,
				507165B42019BB54002EB243 /* Info.plist */,
			);
			path = MimeticTests;
			sourceTree = "<group>";
		};
/* End PBXGroup section */

/* Begin PBXHeadersBuildPhase section */
		502A356C203569D8008AD910 /* Headers */ = {
			isa = PBXHeadersBuildPhase;
			buildActionMask = 2147483647;
			files = (
				502A357F203569D9008AD910 /* MimeticIOS.h in Headers */,
				502A35A920356A67008AD910 /* _Group.h in Headers */,
				502A35AA20356A67008AD910 /* _Mailbox.h in Headers */,
				502A35AB20356A67008AD910 /* _MimeEntity.h in Headers */,
				5039819520356B0800A2ACFC /* address.h in Headers */,
				5039819620356B0800A2ACFC /* addresslist.h in Headers */,
				5039819720356B0800A2ACFC /* body.h in Headers */,
				5039819820356B0800A2ACFC /* datetime.h in Headers */,
				5039819920356B0800A2ACFC /* field.h in Headers */,
				5039819A20356B0800A2ACFC /* fieldvalue.h in Headers */,
				5039819B20356B0800A2ACFC /* group.h in Headers */,
				5039819C20356B0800A2ACFC /* header.h in Headers */,
				5039819D20356B0800A2ACFC /* mailbox.h in Headers */,
				5039819E20356B0800A2ACFC /* mailboxlist.h in Headers */,
				5039819F20356B0800A2ACFC /* message.h in Headers */,
				503981A020356B0800A2ACFC /* messageid.h in Headers */,
				503981A120356B0800A2ACFC /* rfc822.h in Headers */,
				5039819320356AFF00A2ACFC /* itparser.h in Headers */,
				5039819420356AFF00A2ACFC /* itparserdecl.h in Headers */,
				5039818B20356AF900A2ACFC /* directory.h in Headers */,
				5039818C20356AF900A2ACFC /* file_iterator.h in Headers */,
				5039818D20356AF900A2ACFC /* file.h in Headers */,
				5039818E20356AF900A2ACFC /* fileop.h in Headers */,
				5039818F20356AF900A2ACFC /* mmfile.h in Headers */,
				5039819020356AF900A2ACFC /* os.h in Headers */,
				5039819120356AF900A2ACFC /* stdfile.h in Headers */,
				5039819220356AF900A2ACFC /* utils.h in Headers */,
				5039818420356AF200A2ACFC /* base64.h in Headers */,
				5039818520356AF200A2ACFC /* code.h in Headers */,
				5039818620356AF200A2ACFC /* codec_base.h in Headers */,
				5039818720356AF200A2ACFC /* codec_chain.h in Headers */,
				5039818820356AF200A2ACFC /* codec.h in Headers */,
				5039818920356AF200A2ACFC /* other_codecs.h in Headers */,
				5039818A20356AF200A2ACFC /* qp.h in Headers */,
				5039816D20356AEA00A2ACFC /* config_win32.h in Headers */,
				5039816E20356AEA00A2ACFC /* body.h in Headers */,
				5039816F20356AEA00A2ACFC /* circular_buffer.h in Headers */,
				5039817020356AEA00A2ACFC /* config.h in Headers */,
				5039817120356AEA00A2ACFC /* contentdescription.h in Headers */,
				5039817220356AEA00A2ACFC /* contentdisposition.h in Headers */,
				5039817320356AEA00A2ACFC /* contentid.h in Headers */,
				5039817420356AEA00A2ACFC /* contenttransferencoding.h in Headers */,
				5039817520356AEA00A2ACFC /* contenttype.h in Headers */,
				5039817620356AEA00A2ACFC /* fieldparam.h in Headers */,
				5039817720356AEA00A2ACFC /* header.h in Headers */,
				5039817820356AEA00A2ACFC /* libconfig.h in Headers */,
				5039817920356AEA00A2ACFC /* message.h in Headers */,
				5039817A20356AEA00A2ACFC /* mimeentity.h in Headers */,
				5039817B20356AEA00A2ACFC /* mimeentitylist.h in Headers */,
				5039817C20356AEA00A2ACFC /* mimetic.h in Headers */,
				5039817D20356AEA00A2ACFC /* mimeversion.h in Headers */,
				5039817E20356AEA00A2ACFC /* streambufs.h in Headers */,
				5039817F20356AEA00A2ACFC /* strutils.h in Headers */,
				5039818020356AEA00A2ACFC /* tokenizer.h in Headers */,
				5039818120356AEA00A2ACFC /* tree.h in Headers */,
				5039818220356AEA00A2ACFC /* utils.h in Headers */,
				5039818320356AEA00A2ACFC /* version.h in Headers */,
			);
			runOnlyForDeploymentPostprocessing = 0;
		};
/* End PBXHeadersBuildPhase section */

/* Begin PBXNativeTarget section */
		502A356E203569D8008AD910 /* MimeticFramework */ = {
			isa = PBXNativeTarget;
			buildConfigurationList = 502A3580203569D9008AD910 /* Build configuration list for PBXNativeTarget "MimeticFramework" */;
			buildPhases = (
				502A356A203569D8008AD910 /* Sources */,
				502A356B203569D8008AD910 /* Frameworks */,
				502A356C203569D8008AD910 /* Headers */,
				502A356D203569D8008AD910 /* Resources */,
			);
			buildRules = (
			);
			dependencies = (
			);
			name = MimeticFramework;
			productName = MimeticFramework;
			productReference = 502A356F203569D8008AD910 /* MimeticIOS.framework */;
			productType = "com.apple.product-type.framework";
		};
		502A3576203569D9008AD910 /* MimeticFrameworkTests */ = {
			isa = PBXNativeTarget;
			buildConfigurationList = 502A3583203569D9008AD910 /* Build configuration list for PBXNativeTarget "MimeticFrameworkTests" */;
			buildPhases = (
				502A3573203569D9008AD910 /* Sources */,
				502A3574203569D9008AD910 /* Frameworks */,
				502A3575203569D9008AD910 /* Resources */,
			);
			buildRules = (
			);
			dependencies = (
				502A357A203569D9008AD910 /* PBXTargetDependency */,
			);
			name = MimeticFrameworkTests;
			productName = MimeticFrameworkTests;
			productReference = 502A3577203569D9008AD910 /* MimeticFrameworkTests.xctest */;
			productType = "com.apple.product-type.bundle.unit-test";
		};
		506EE8732015FA180059F3E5 /* Mimetic */ = {
			isa = PBXNativeTarget;
			buildConfigurationList = 506EE87D2015FA180059F3E5 /* Build configuration list for PBXNativeTarget "Mimetic" */;
			buildPhases = (
				506EE8702015FA180059F3E5 /* Sources */,
				506EE8712015FA180059F3E5 /* Frameworks */,
				506EE8722015FA180059F3E5 /* CopyFiles */,
			);
			buildRules = (
			);
			dependencies = (
			);
			name = Mimetic;
			productName = Mimetic;
			productReference = 506EE8742015FA180059F3E5 /* libMimetic.a */;
			productType = "com.apple.product-type.library.static";
		};
		507165AF2019BB54002EB243 /* MimeticTests */ = {
			isa = PBXNativeTarget;
			buildConfigurationList = 507165BA2019BB54002EB243 /* Build configuration list for PBXNativeTarget "MimeticTests" */;
			buildPhases = (
				507165AC2019BB54002EB243 /* Sources */,
				507165AD2019BB54002EB243 /* Frameworks */,
				507165AE2019BB54002EB243 /* Resources */,
			);
			buildRules = (
			);
			dependencies = (
				507165B72019BB54002EB243 /* PBXTargetDependency */,
			);
			name = MimeticTests;
			productName = MimeticTests;
			productReference = 507165B02019BB54002EB243 /* MimeticTests.xctest */;
			productType = "com.apple.product-type.bundle.unit-test";
		};
/* End PBXNativeTarget section */

/* Begin PBXProject section */
		506EE86C2015FA180059F3E5 /* Project object */ = {
			isa = PBXProject;
			attributes = {
				LastUpgradeCheck = 0920;
				ORGANIZATIONNAME = mblsft;
				TargetAttributes = {
					502A356E203569D8008AD910 = {
						CreatedOnToolsVersion = 9.2;
						ProvisioningStyle = Automatic;
					};
					502A3576203569D9008AD910 = {
						CreatedOnToolsVersion = 9.2;
						ProvisioningStyle = Automatic;
					};
					506EE8732015FA180059F3E5 = {
						CreatedOnToolsVersion = 9.2;
						ProvisioningStyle = Automatic;
					};
					507165AF2019BB54002EB243 = {
						CreatedOnToolsVersion = 9.2;
						ProvisioningStyle = Automatic;
					};
				};
			};
			buildConfigurationList = 506EE86F2015FA180059F3E5 /* Build configuration list for PBXProject "Mimetic" */;
			compatibilityVersion = "Xcode 8.0";
			developmentRegion = en;
			hasScannedForEncodings = 0;
			knownRegions = (
				en,
			);
			mainGroup = 506EE86B2015FA180059F3E5;
			productRefGroup = 506EE8752015FA180059F3E5 /* Products */;
			projectDirPath = "";
			projectRoot = "";
			targets = (
				506EE8732015FA180059F3E5 /* Mimetic */,
				507165AF2019BB54002EB243 /* MimeticTests */,
				502A356E203569D8008AD910 /* MimeticFramework */,
				502A3576203569D9008AD910 /* MimeticFrameworkTests */,
			);
		};
/* End PBXProject section */

/* Begin PBXResourcesBuildPhase section */
		502A356D203569D8008AD910 /* Resources */ = {
			isa = PBXResourcesBuildPhase;
			buildActionMask = 2147483647;
			files = (
			);
			runOnlyForDeploymentPostprocessing = 0;
		};
		502A3575203569D9008AD910 /* Resources */ = {
			isa = PBXResourcesBuildPhase;
			buildActionMask = 2147483647;
			files = (
			);
			runOnlyForDeploymentPostprocessing = 0;
		};
		507165AE2019BB54002EB243 /* Resources */ = {
			isa = PBXResourcesBuildPhase;
			buildActionMask = 2147483647;
			files = (
			);
			runOnlyForDeploymentPostprocessing = 0;
		};
/* End PBXResourcesBuildPhase section */

/* Begin PBXSourcesBuildPhase section */
		502A356A203569D8008AD910 /* Sources */ = {
			isa = PBXSourcesBuildPhase;
			buildActionMask = 2147483647;
			files = (
				502A35A620356A41008AD910 /* _Group.mm in Sources */,
				502A35A720356A41008AD910 /* _Mailbox.mm in Sources */,
				502A35A820356A41008AD910 /* _MimeEntity.mm in Sources */,
				502A359B20356A26008AD910 /* address.cxx in Sources */,
				502A359C20356A26008AD910 /* addresslist.cxx in Sources */,
				502A359D20356A26008AD910 /* datetime.cxx in Sources */,
				502A359E20356A26008AD910 /* field.cxx in Sources */,
				502A359F20356A26008AD910 /* fieldvalue.cxx in Sources */,
				502A35A020356A26008AD910 /* group.cxx in Sources */,
				502A35A120356A26008AD910 /* header.cxx in Sources */,
				502A35A220356A26008AD910 /* mailbox.cxx in Sources */,
				502A35A320356A26008AD910 /* mailboxlist.cxx in Sources */,
				502A35A420356A26008AD910 /* message.cxx in Sources */,
				502A35A520356A26008AD910 /* messageid.cxx in Sources */,
				502A359620356A15008AD910 /* file_iterator.cxx in Sources */,
				502A359720356A15008AD910 /* fileop.cxx in Sources */,
				502A359820356A15008AD910 /* mmfile.cxx in Sources */,
				502A359920356A15008AD910 /* stdfile.cxx in Sources */,
				502A359A20356A15008AD910 /* utils.cxx in Sources */,
				502A359420356A0E008AD910 /* base64.cxx in Sources */,
				502A359520356A0E008AD910 /* qp.cxx in Sources */,
				502A358620356A06008AD910 /* body.cxx in Sources */,
				502A358720356A06008AD910 /* contentdescription.cxx in Sources */,
				502A358820356A06008AD910 /* contentdisposition.cxx in Sources */,
				502A358920356A06008AD910 /* contentid.cxx in Sources */,
				502A358A20356A06008AD910 /* contenttransferencoding.cxx in Sources */,
				502A358B20356A06008AD910 /* contenttype.cxx in Sources */,
				502A358C20356A06008AD910 /* fieldparam.cxx in Sources */,
				502A358D20356A06008AD910 /* header.cxx in Sources */,
				502A358E20356A06008AD910 /* message.cxx in Sources */,
				502A358F20356A06008AD910 /* mimeentity.cxx in Sources */,
				502A359020356A06008AD910 /* mimeversion.cxx in Sources */,
				502A359120356A06008AD910 /* strutils.cxx in Sources */,
				502A359220356A06008AD910 /* utils.cxx in Sources */,
				502A359320356A06008AD910 /* version.cxx in Sources */,
			);
			runOnlyForDeploymentPostprocessing = 0;
		};
		502A3573203569D9008AD910 /* Sources */ = {
			isa = PBXSourcesBuildPhase;
			buildActionMask = 2147483647;
			files = (
				502A357D203569D9008AD910 /* MimeticFrameworkTests.m in Sources */,
			);
			runOnlyForDeploymentPostprocessing = 0;
		};
		506EE8702015FA180059F3E5 /* Sources */ = {
			isa = PBXSourcesBuildPhase;
			buildActionMask = 2147483647;
			files = (
				506EE8C82015FE260059F3E5 /* group.cxx in Sources */,
				506EE8F32015FEB00059F3E5 /* contenttransferencoding.cxx in Sources */,
				506EE8BF2015FE260059F3E5 /* messageid.cxx in Sources */,
				507165C8202051B7002EB243 /* _Group.mm in Sources */,
				506EE8FB2015FEB00059F3E5 /* mimeentity.cxx in Sources */,
				506EE8F52015FEB00059F3E5 /* header.cxx in Sources */,
				506EE8F02015FEB00059F3E5 /* contentid.cxx in Sources */,
				506EE8A22015FDFF0059F3E5 /* stdfile.cxx in Sources */,
				506EE8F72015FEB00059F3E5 /* fieldparam.cxx in Sources */,
				506EE8902015FDE80059F3E5 /* base64.cxx in Sources */,
				506EE8C42015FE260059F3E5 /* header.cxx in Sources */,
				506EE8F22015FEB00059F3E5 /* contentdescription.cxx in Sources */,
				506EE8F62015FEB00059F3E5 /* contenttype.cxx in Sources */,
				507165C520205173002EB243 /* _Mailbox.mm in Sources */,
				506EE8792015FA180059F3E5 /* _MimeEntity.mm in Sources */,
				506EE8F42015FEB00059F3E5 /* contentdisposition.cxx in Sources */,
				506EE8C22015FE260059F3E5 /* address.cxx in Sources */,
				506EE8C12015FE260059F3E5 /* mailboxlist.cxx in Sources */,
				506EE8C32015FE260059F3E5 /* addresslist.cxx in Sources */,
				506EE8A32015FDFF0059F3E5 /* utils.cxx in Sources */,
				506EE8F92015FEB00059F3E5 /* strutils.cxx in Sources */,
				506EE8EE2015FEB00059F3E5 /* mimeversion.cxx in Sources */,
				506EE89F2015FDFF0059F3E5 /* fileop.cxx in Sources */,
				506EE8C62015FE260059F3E5 /* field.cxx in Sources */,
				506EE8C52015FE260059F3E5 /* datetime.cxx in Sources */,
				506EE8F12015FEB00059F3E5 /* version.cxx in Sources */,
				506EE8FA2015FEB00059F3E5 /* body.cxx in Sources */,
				506EE8C72015FE260059F3E5 /* fieldvalue.cxx in Sources */,
				506EE8A12015FDFF0059F3E5 /* mmfile.cxx in Sources */,
				506EE8A02015FDFF0059F3E5 /* file_iterator.cxx in Sources */,
				506EE8912015FDE80059F3E5 /* qp.cxx in Sources */,
				506EE8EF2015FEB00059F3E5 /* utils.cxx in Sources */,
				506EE8BE2015FE260059F3E5 /* message.cxx in Sources */,
				506EE8C02015FE260059F3E5 /* mailbox.cxx in Sources */,
				506EE8F82015FEB00059F3E5 /* message.cxx in Sources */,
			);
			runOnlyForDeploymentPostprocessing = 0;
		};
		507165AC2019BB54002EB243 /* Sources */ = {
			isa = PBXSourcesBuildPhase;
			buildActionMask = 2147483647;
			files = (
				507165B32019BB54002EB243 /* MimeticTests.mm in Sources */,
			);
			runOnlyForDeploymentPostprocessing = 0;
		};
/* End PBXSourcesBuildPhase section */

/* Begin PBXTargetDependency section */
		502A357A203569D9008AD910 /* PBXTargetDependency */ = {
			isa = PBXTargetDependency;
			target = 502A356E203569D8008AD910 /* MimeticFramework */;
			targetProxy = 502A3579203569D9008AD910 /* PBXContainerItemProxy */;
		};
		507165B72019BB54002EB243 /* PBXTargetDependency */ = {
			isa = PBXTargetDependency;
			target = 506EE8732015FA180059F3E5 /* Mimetic */;
			targetProxy = 507165B62019BB54002EB243 /* PBXContainerItemProxy */;
		};
/* End PBXTargetDependency section */

/* Begin XCBuildConfiguration section */
		502A3581203569D9008AD910 /* Debug */ = {
			isa = XCBuildConfiguration;
			buildSettings = {
				CODE_SIGN_IDENTITY = "";
				CODE_SIGN_STYLE = Automatic;
				CURRENT_PROJECT_VERSION = 1;
				DEFINES_MODULE = YES;
				DEVELOPMENT_TEAM = 8VYCDE7MP8;
				DYLIB_COMPATIBILITY_VERSION = 1;
				DYLIB_CURRENT_VERSION = 1;
				DYLIB_INSTALL_NAME_BASE = "@rpath";
				HEADER_SEARCH_PATHS = "$SRCROOT/Mimetic/**";
				INFOPLIST_FILE = MimeticFramework/Info.plist;
				INSTALL_PATH = "$(LOCAL_LIBRARY_DIR)/Frameworks";
				IPHONEOS_DEPLOYMENT_TARGET = 10.0;
				LD_RUNPATH_SEARCH_PATHS = "$(inherited) @executable_path/Frameworks @loader_path/Frameworks";
				PRODUCT_BUNDLE_IDENTIFIER = company.MimeticFramework;
				PRODUCT_NAME = MimeticIOS;
				SKIP_INSTALL = YES;
				TARGETED_DEVICE_FAMILY = "1,2";
				VERSIONING_SYSTEM = "apple-generic";
				VERSION_INFO_PREFIX = "";
			};
			name = Debug;
		};
		502A3582203569D9008AD910 /* Release */ = {
			isa = XCBuildConfiguration;
			buildSettings = {
				CODE_SIGN_IDENTITY = "";
				CODE_SIGN_STYLE = Automatic;
				CURRENT_PROJECT_VERSION = 1;
				DEFINES_MODULE = YES;
				DEVELOPMENT_TEAM = 8VYCDE7MP8;
				DYLIB_COMPATIBILITY_VERSION = 1;
				DYLIB_CURRENT_VERSION = 1;
				DYLIB_INSTALL_NAME_BASE = "@rpath";
				HEADER_SEARCH_PATHS = "$SRCROOT/Mimetic/**";
				INFOPLIST_FILE = MimeticFramework/Info.plist;
				INSTALL_PATH = "$(LOCAL_LIBRARY_DIR)/Frameworks";
				IPHONEOS_DEPLOYMENT_TARGET = 10.0;
				LD_RUNPATH_SEARCH_PATHS = "$(inherited) @executable_path/Frameworks @loader_path/Frameworks";
				PRODUCT_BUNDLE_IDENTIFIER = company.MimeticFramework;
				PRODUCT_NAME = MimeticIOS;
				SKIP_INSTALL = YES;
				TARGETED_DEVICE_FAMILY = "1,2";
				VERSIONING_SYSTEM = "apple-generic";
				VERSION_INFO_PREFIX = "";
			};
			name = Release;
		};
		502A3584203569D9008AD910 /* Debug */ = {
			isa = XCBuildConfiguration;
			buildSettings = {
				CODE_SIGN_STYLE = Automatic;
				DEVELOPMENT_TEAM = 8VYCDE7MP8;
				INFOPLIST_FILE = MimeticFrameworkTests/Info.plist;
				IPHONEOS_DEPLOYMENT_TARGET = 11.2;
				LD_RUNPATH_SEARCH_PATHS = "$(inherited) @executable_path/Frameworks @loader_path/Frameworks";
				PRODUCT_BUNDLE_IDENTIFIER = company.MimeticFrameworkTests;
				PRODUCT_NAME = "$(TARGET_NAME)";
				TARGETED_DEVICE_FAMILY = "1,2";
			};
			name = Debug;
		};
		502A3585203569D9008AD910 /* Release */ = {
			isa = XCBuildConfiguration;
			buildSettings = {
				CODE_SIGN_STYLE = Automatic;
				DEVELOPMENT_TEAM = 8VYCDE7MP8;
				INFOPLIST_FILE = MimeticFrameworkTests/Info.plist;
				IPHONEOS_DEPLOYMENT_TARGET = 11.2;
				LD_RUNPATH_SEARCH_PATHS = "$(inherited) @executable_path/Frameworks @loader_path/Frameworks";
				PRODUCT_BUNDLE_IDENTIFIER = company.MimeticFrameworkTests;
				PRODUCT_NAME = "$(TARGET_NAME)";
				TARGETED_DEVICE_FAMILY = "1,2";
			};
			name = Release;
		};
		506EE87B2015FA180059F3E5 /* Debug */ = {
			isa = XCBuildConfiguration;
			buildSettings = {
				ALWAYS_SEARCH_USER_PATHS = NO;
				CLANG_ANALYZER_NONNULL = YES;
				CLANG_ANALYZER_NUMBER_OBJECT_CONVERSION = YES_AGGRESSIVE;
				CLANG_CXX_LANGUAGE_STANDARD = "gnu++14";
				CLANG_CXX_LIBRARY = "libc++";
				CLANG_ENABLE_MODULES = YES;
				CLANG_ENABLE_OBJC_ARC = YES;
				CLANG_WARN_BLOCK_CAPTURE_AUTORELEASING = YES;
				CLANG_WARN_BOOL_CONVERSION = YES;
				CLANG_WARN_COMMA = YES;
				CLANG_WARN_CONSTANT_CONVERSION = YES;
				CLANG_WARN_DIRECT_OBJC_ISA_USAGE = YES_ERROR;
				CLANG_WARN_DOCUMENTATION_COMMENTS = YES;
				CLANG_WARN_EMPTY_BODY = YES;
				CLANG_WARN_ENUM_CONVERSION = YES;
				CLANG_WARN_INFINITE_RECURSION = YES;
				CLANG_WARN_INT_CONVERSION = YES;
				CLANG_WARN_NON_LITERAL_NULL_CONVERSION = YES;
				CLANG_WARN_OBJC_LITERAL_CONVERSION = YES;
				CLANG_WARN_OBJC_ROOT_CLASS = YES_ERROR;
				CLANG_WARN_RANGE_LOOP_ANALYSIS = YES;
				CLANG_WARN_STRICT_PROTOTYPES = YES;
				CLANG_WARN_SUSPICIOUS_MOVE = YES;
				CLANG_WARN_UNGUARDED_AVAILABILITY = YES_AGGRESSIVE;
				CLANG_WARN_UNREACHABLE_CODE = YES;
				CLANG_WARN__DUPLICATE_METHOD_MATCH = YES;
				CODE_SIGN_IDENTITY = "iPhone Developer";
				COPY_PHASE_STRIP = NO;
				DEBUG_INFORMATION_FORMAT = dwarf;
				ENABLE_STRICT_OBJC_MSGSEND = YES;
				ENABLE_TESTABILITY = YES;
				GCC_C_LANGUAGE_STANDARD = gnu11;
				GCC_DYNAMIC_NO_PIC = NO;
				GCC_NO_COMMON_BLOCKS = YES;
				GCC_OPTIMIZATION_LEVEL = 0;
				GCC_PREPROCESSOR_DEFINITIONS = (
					"DEBUG=1",
					"$(inherited)",
				);
				GCC_WARN_64_TO_32_BIT_CONVERSION = YES;
				GCC_WARN_ABOUT_RETURN_TYPE = YES_ERROR;
				GCC_WARN_UNDECLARED_SELECTOR = YES;
				GCC_WARN_UNINITIALIZED_AUTOS = YES_AGGRESSIVE;
				GCC_WARN_UNUSED_FUNCTION = YES;
				GCC_WARN_UNUSED_VARIABLE = YES;
				HEADER_SEARCH_PATHS = "";
				IPHONEOS_DEPLOYMENT_TARGET = 9.0;
				MTL_ENABLE_DEBUG_INFO = YES;
				ONLY_ACTIVE_ARCH = YES;
				SDKROOT = iphoneos;
			};
			name = Debug;
		};
		506EE87C2015FA180059F3E5 /* Release */ = {
			isa = XCBuildConfiguration;
			buildSettings = {
				ALWAYS_SEARCH_USER_PATHS = NO;
				CLANG_ANALYZER_NONNULL = YES;
				CLANG_ANALYZER_NUMBER_OBJECT_CONVERSION = YES_AGGRESSIVE;
				CLANG_CXX_LANGUAGE_STANDARD = "gnu++14";
				CLANG_CXX_LIBRARY = "libc++";
				CLANG_ENABLE_MODULES = YES;
				CLANG_ENABLE_OBJC_ARC = YES;
				CLANG_WARN_BLOCK_CAPTURE_AUTORELEASING = YES;
				CLANG_WARN_BOOL_CONVERSION = YES;
				CLANG_WARN_COMMA = YES;
				CLANG_WARN_CONSTANT_CONVERSION = YES;
				CLANG_WARN_DIRECT_OBJC_ISA_USAGE = YES_ERROR;
				CLANG_WARN_DOCUMENTATION_COMMENTS = YES;
				CLANG_WARN_EMPTY_BODY = YES;
				CLANG_WARN_ENUM_CONVERSION = YES;
				CLANG_WARN_INFINITE_RECURSION = YES;
				CLANG_WARN_INT_CONVERSION = YES;
				CLANG_WARN_NON_LITERAL_NULL_CONVERSION = YES;
				CLANG_WARN_OBJC_LITERAL_CONVERSION = YES;
				CLANG_WARN_OBJC_ROOT_CLASS = YES_ERROR;
				CLANG_WARN_RANGE_LOOP_ANALYSIS = YES;
				CLANG_WARN_STRICT_PROTOTYPES = YES;
				CLANG_WARN_SUSPICIOUS_MOVE = YES;
				CLANG_WARN_UNGUARDED_AVAILABILITY = YES_AGGRESSIVE;
				CLANG_WARN_UNREACHABLE_CODE = YES;
				CLANG_WARN__DUPLICATE_METHOD_MATCH = YES;
				CODE_SIGN_IDENTITY = "iPhone Developer";
				COPY_PHASE_STRIP = NO;
				DEBUG_INFORMATION_FORMAT = "dwarf-with-dsym";
				ENABLE_NS_ASSERTIONS = NO;
				ENABLE_STRICT_OBJC_MSGSEND = YES;
				GCC_C_LANGUAGE_STANDARD = gnu11;
				GCC_NO_COMMON_BLOCKS = YES;
				GCC_WARN_64_TO_32_BIT_CONVERSION = YES;
				GCC_WARN_ABOUT_RETURN_TYPE = YES_ERROR;
				GCC_WARN_UNDECLARED_SELECTOR = YES;
				GCC_WARN_UNINITIALIZED_AUTOS = YES_AGGRESSIVE;
				GCC_WARN_UNUSED_FUNCTION = YES;
				GCC_WARN_UNUSED_VARIABLE = YES;
				HEADER_SEARCH_PATHS = "";
				IPHONEOS_DEPLOYMENT_TARGET = 9.0;
				MTL_ENABLE_DEBUG_INFO = NO;
				SDKROOT = iphoneos;
				VALIDATE_PRODUCT = YES;
			};
			name = Release;
		};
		506EE87E2015FA180059F3E5 /* Debug */ = {
			isa = XCBuildConfiguration;
			buildSettings = {
				CODE_SIGN_STYLE = Automatic;
				DEVELOPMENT_TEAM = 8VYCDE7MP8;
				HEADER_SEARCH_PATHS = "$SRCROOT/Mimetic/**";
				OTHER_LDFLAGS = "-ObjC";
				PRODUCT_NAME = "$(TARGET_NAME)";
				SKIP_INSTALL = YES;
				TARGETED_DEVICE_FAMILY = "1,2";
			};
			name = Debug;
		};
		506EE87F2015FA180059F3E5 /* Release */ = {
			isa = XCBuildConfiguration;
			buildSettings = {
				CODE_SIGN_STYLE = Automatic;
				DEVELOPMENT_TEAM = 8VYCDE7MP8;
				HEADER_SEARCH_PATHS = "$SRCROOT/Mimetic/**";
				OTHER_LDFLAGS = "-ObjC";
				PRODUCT_NAME = "$(TARGET_NAME)";
				SKIP_INSTALL = YES;
				TARGETED_DEVICE_FAMILY = "1,2";
			};
			name = Release;
		};
		507165B82019BB54002EB243 /* Debug */ = {
			isa = XCBuildConfiguration;
			buildSettings = {
				CODE_SIGN_STYLE = Automatic;
				DEVELOPMENT_TEAM = 8VYCDE7MP8;
				INFOPLIST_FILE = MimeticTests/Info.plist;
				IPHONEOS_DEPLOYMENT_TARGET = 11.2;
				LD_RUNPATH_SEARCH_PATHS = "$(inherited) @executable_path/Frameworks @loader_path/Frameworks";
				PRODUCT_BUNDLE_IDENTIFIER = company.MimeticTests;
				PRODUCT_NAME = "$(TARGET_NAME)";
				TARGETED_DEVICE_FAMILY = "1,2";
			};
			name = Debug;
		};
		507165B92019BB54002EB243 /* Release */ = {
			isa = XCBuildConfiguration;
			buildSettings = {
				CODE_SIGN_STYLE = Automatic;
				DEVELOPMENT_TEAM = 8VYCDE7MP8;
				INFOPLIST_FILE = MimeticTests/Info.plist;
				IPHONEOS_DEPLOYMENT_TARGET = 11.2;
				LD_RUNPATH_SEARCH_PATHS = "$(inherited) @executable_path/Frameworks @loader_path/Frameworks";
				PRODUCT_BUNDLE_IDENTIFIER = company.MimeticTests;
				PRODUCT_NAME = "$(TARGET_NAME)";
				TARGETED_DEVICE_FAMILY = "1,2";
			};
			name = Release;
		};
/* End XCBuildConfiguration section */

/* Begin XCConfigurationList section */
		502A3580203569D9008AD910 /* Build configuration list for PBXNativeTarget "MimeticFramework" */ = {
			isa = XCConfigurationList;
			buildConfigurations = (
				502A3581203569D9008AD910 /* Debug */,
				502A3582203569D9008AD910 /* Release */,
			);
			defaultConfigurationIsVisible = 0;
			defaultConfigurationName = Release;
		};
		502A3583203569D9008AD910 /* Build configuration list for PBXNativeTarget "MimeticFrameworkTests" */ = {
			isa = XCConfigurationList;
			buildConfigurations = (
				502A3584203569D9008AD910 /* Debug */,
				502A3585203569D9008AD910 /* Release */,
			);
			defaultConfigurationIsVisible = 0;
			defaultConfigurationName = Release;
		};
		506EE86F2015FA180059F3E5 /* Build configuration list for PBXProject "Mimetic" */ = {
			isa = XCConfigurationList;
			buildConfigurations = (
				506EE87B2015FA180059F3E5 /* Debug */,
				506EE87C2015FA180059F3E5 /* Release */,
			);
			defaultConfigurationIsVisible = 0;
			defaultConfigurationName = Release;
		};
		506EE87D2015FA180059F3E5 /* Build configuration list for PBXNativeTarget "Mimetic" */ = {
			isa = XCConfigurationList;
			buildConfigurations = (
				506EE87E2015FA180059F3E5 /* Debug */,
				506EE87F2015FA180059F3E5 /* Release */,
			);
			defaultConfigurationIsVisible = 0;
			defaultConfigurationName = Release;
		};
		507165BA2019BB54002EB243 /* Build configuration list for PBXNativeTarget "MimeticTests" */ = {
			isa = XCConfigurationList;
			buildConfigurations = (
				507165B82019BB54002EB243 /* Debug */,
				507165B92019BB54002EB243 /* Release */,
			);
			defaultConfigurationIsVisible = 0;
			defaultConfigurationName = Release;
		};
/* End XCConfigurationList section */
	};
	rootObject = 506EE86C2015FA180059F3E5 /* Project object */;
}
